
Microsoft Visual Studio Solution File, Format Version 12.00
# Visual Studio Version 17
VisualStudioVersion = 17.3.32825.248
MinimumVisualStudioVersion = 10.0.40219.1
Project("{FAE04EC0-301F-11D3-BF4B-00C04F79EFBC}") = "TIAHW", "TIAHW.csproj", "{899E9E57-6BC5-4087-AB53-9B8CF911BEB3}"
EndProject
Global
	GlobalSection(SolutionConfigurationPlatforms) = preSolution
		Debug|Any CPU = Debug|Any CPU
		Release|Any CPU = Release|Any CPU
	EndGlobalSection
	GlobalSection(ProjectConfigurationPlatforms) = postSolution
		{899E9E57-6BC5-4087-AB53-9B8CF911BEB3}.Debug|Any CPU.ActiveCfg = Debug|Any CPU
		{899E9E57-6BC5-4087-AB53-9B8CF911BEB3}.Debug|Any CPU.Build.0 = Debug|Any CPU
		{899E9E57-6BC5-4087-AB53-9B8CF911BEB3}.Release|Any CPU.ActiveCfg = Release|Any CPU
		{899E9E57-6BC5-4087-AB53-9B8CF911BEB3}.Release|Any CPU.Build.0 = Release|Any CPU
	EndGlobalSection
	GlobalSection(SolutionProperties) = preSolution
		HideSolutionNode = FALSE
	EndGlobalSection
	GlobalSection(ExtensibilityGlobals) = postSolution
		SolutionGuid = {FFE8BDA3-E69D-4883-A252-2AB73AA1E22C}
	EndGlobalSection
EndGlobal
